// !$*UTF8*$!
{
	archiveVersion = 1;
	classes = {
	};
	objectVersion = 46;
	objects = {

/* Begin PBXBuildFile section */
		EF63A5881D122C53009B5509 /* AppDelegate.swift in Sources */ = {isa = PBXBuildFile; fileRef = EF63A5871D122C53009B5509 /* AppDelegate.swift */; };
		EF63A58A1D122C53009B5509 /* ViewController.swift in Sources */ = {isa = PBXBuildFile; fileRef = EF63A5891D122C53009B5509 /* ViewController.swift */; };
		EF63A58D1D122C53009B5509 /* Main.storyboard in Resources */ = {isa = PBXBuildFile; fileRef = EF63A58B1D122C53009B5509 /* Main.storyboard */; };
		EF63A58F1D122C53009B5509 /* Assets.xcassets in Resources */ = {isa = PBXBuildFile; fileRef = EF63A58E1D122C53009B5509 /* Assets.xcassets */; };
		EF63A5921D122C53009B5509 /* LaunchScreen.storyboard in Resources */ = {isa = PBXBuildFile; fileRef = EF63A5901D122C53009B5509 /* LaunchScreen.storyboard */; };
		EF63A59D1D122C53009B5509 /* Lab1Tests.swift in Sources */ = {isa = PBXBuildFile; fileRef = EF63A59C1D122C53009B5509 /* Lab1Tests.swift */; };
		EF63A5A81D122C53009B5509 /* Lab1UITests.swift in Sources */ = {isa = PBXBuildFile; fileRef = EF63A5A71D122C53009B5509 /* Lab1UITests.swift */; };
/* End PBXBuildFile section */

/* Begin PBXContainerItemProxy section */
		EF63A5991D122C53009B5509 /* PBXContainerItemProxy */ = {
			isa = PBXContainerItemProxy;
			containerPortal = EF63A57C1D122C53009B5509 /* Project object */;
			proxyType = 1;
			remoteGlobalIDString = EF63A5831D122C53009B5509;
			remoteInfo = Lab1;
		};
		EF63A5A41D122C53009B5509 /* PBXContainerItemProxy */ = {
			isa = PBXContainerItemProxy;
			containerPortal = EF63A57C1D122C53009B5509 /* Project object */;
			proxyType = 1;
			remoteGlobalIDString = EF63A5831D122C53009B5509;
			remoteInfo = Lab1;
		};
/* End PBXContainerItemProxy section */

/* Begin PBXFileReference section */
		EF63A5841D122C53009B5509 /* Lab1.app */ = {isa = PBXFileReference; explicitFileType = wrapper.application; includeInIndex = 0; path = Lab1.app; sourceTree = BUILT_PRODUCTS_DIR; };
		EF63A5871D122C53009B5509 /* AppDelegate.swift */ = {isa = PBXFileReference; lastKnownFileType = sourcecode.swift; path = AppDelegate.swift; sourceTree = "<group>"; };
		EF63A5891D122C53009B5509 /* ViewController.swift */ = {isa = PBXFileReference; lastKnownFileType = sourcecode.swift; path = ViewController.swift; sourceTree = "<group>"; };
		EF63A58C1D122C53009B5509 /* Base */ = {isa = PBXFileReference; lastKnownFileType = file.storyboard; name = Base; path = Base.lproj/Main.storyboard; sourceTree = "<group>"; };
		EF63A58E1D122C53009B5509 /* Assets.xcassets */ = {isa = PBXFileReference; lastKnownFileType = folder.assetcatalog; path = Assets.xcassets; sourceTree = "<group>"; };
		EF63A5911D122C53009B5509 /* Base */ = {isa = PBXFileReference; lastKnownFileType = file.storyboard; name = Base; path = Base.lproj/LaunchScreen.storyboard; sourceTree = "<group>"; };
		EF63A5931D122C53009B5509 /* Info.plist */ = {isa = PBXFileReference; lastKnownFileType = text.plist.xml; path = Info.plist; sourceTree = "<group>"; };
		EF63A5981D122C53009B5509 /* Lab1Tests.xctest */ = {isa = PBXFileReference; explicitFileType = wrapper.cfbundle; includeInIndex = 0; path = Lab1Tests.xctest; sourceTree = BUILT_PRODUCTS_DIR; };
		EF63A59C1D122C53009B5509 /* Lab1Tests.swift */ = {isa = PBXFileReference; lastKnownFileType = sourcecode.swift; path = Lab1Tests.swift; sourceTree = "<group>"; };
		EF63A59E1D122C53009B5509 /* Info.plist */ = {isa = PBXFileReference; lastKnownFileType = text.plist.xml; path = Info.plist; sourceTree = "<group>"; };
		EF63A5A31D122C53009B5509 /* Lab1UITests.xctest */ = {isa = PBXFileReference; explicitFileType = wrapper.cfbundle; includeInIndex = 0; path = Lab1UITests.xctest; sourceTree = BUILT_PRODUCTS_DIR; };
		EF63A5A71D122C53009B5509 /* Lab1UITests.swift */ = {isa = PBXFileReference; lastKnownFileType = sourcecode.swift; path = Lab1UITests.swift; sourceTree = "<group>"; };
		EF63A5A91D122C53009B5509 /* Info.plist */ = {isa = PBXFileReference; lastKnownFileType = text.plist.xml; path = Info.plist; sourceTree = "<group>"; };
/* End PBXFileReference section */

/* Begin PBXFrameworksBuildPhase section */
		EF63A5811D122C53009B5509 /* Frameworks */ = {
			isa = PBXFrameworksBuildPhase;
			buildActionMask = 2147483647;
			files = (
			);
			runOnlyForDeploymentPostprocessing = 0;
		};
		EF63A5951D122C53009B5509 /* Frameworks */ = {
			isa = PBXFrameworksBuildPhase;
			buildActionMask = 2147483647;
			files = (
			);
			runOnlyForDeploymentPostprocessing = 0;
		};
		EF63A5A01D122C53009B5509 /* Frameworks */ = {
			isa = PBXFrameworksBuildPhase;
			buildActionMask = 2147483647;
			files = (
			);
			runOnlyForDeploymentPostprocessing = 0;
		};
/* End PBXFrameworksBuildPhase section */

/* Begin PBXGroup section */
		EF63A57B1D122C53009B5509 = {
			isa = PBXGroup;
			children = (
				EF63A5861D122C53009B5509 /* Lab1 */,
				EF63A59B1D122C53009B5509 /* Lab1Tests */,
				EF63A5A61D122C53009B5509 /* Lab1UITests */,
				EF63A5851D122C53009B5509 /* Products */,
			);
			sourceTree = "<group>";
		};
		EF63A5851D122C53009B5509 /* Products */ = {
			isa = PBXGroup;
			children = (
				EF63A5841D122C53009B5509 /* Lab1.app */,
				EF63A5981D122C53009B5509 /* Lab1Tests.xctest */,
				EF63A5A31D122C53009B5509 /* Lab1UITests.xctest */,
			);
			name = Products;
			sourceTree = "<group>";
		};
		EF63A5861D122C53009B5509 /* Lab1 */ = {
			isa = PBXGroup;
			children = (
				EF63A5871D122C53009B5509 /* AppDelegate.swift */,
				EF63A5891D122C53009B5509 /* ViewController.swift */,
				EF63A58B1D122C53009B5509 /* Main.storyboard */,
				EF63A58E1D122C53009B5509 /* Assets.xcassets */,
				EF63A5901D122C53009B5509 /* LaunchScreen.storyboard */,
				EF63A5931D122C53009B5509 /* Info.plist */,
			);
			path = Lab1;
			sourceTree = "<group>";
		};
		EF63A59B1D122C53009B5509 /* Lab1Tests */ = {
			isa = PBXGroup;
			children = (
				EF63A59C1D122C53009B5509 /* Lab1Tests.swift */,
				EF63A59E1D122C53009B5509 /* Info.plist */,
			);
			path = Lab1Tests;
			sourceTree = "<group>";
		};
		EF63A5A61D122C53009B5509 /* Lab1UITests */ = {
			isa = PBXGroup;
			children = (
				EF63A5A71D122C53009B5509 /* Lab1UITests.swift */,
				EF63A5A91D122C53009B5509 /* Info.plist */,
			);
			path = Lab1UITests;
			sourceTree = "<group>";
		};
/* End PBXGroup section */

/* Begin PBXNativeTarget section */
		EF63A5831D122C53009B5509 /* Lab1 */ = {
			isa = PBXNativeTarget;
			buildConfigurationList = EF63A5AC1D122C53009B5509 /* Build configuration list for PBXNativeTarget "Lab1" */;
			buildPhases = (
				EF63A5801D122C53009B5509 /* Sources */,
				EF63A5811D122C53009B5509 /* Frameworks */,
				EF63A5821D122C53009B5509 /* Resources */,
			);
			buildRules = (
			);
			dependencies = (
			);
			name = Lab1;
			productName = Lab1;
			productReference = EF63A5841D122C53009B5509 /* Lab1.app */;
			productType = "com.apple.product-type.application";
		};
		EF63A5971D122C53009B5509 /* Lab1Tests */ = {
			isa = PBXNativeTarget;
			buildConfigurationList = EF63A5AF1D122C53009B5509 /* Build configuration list for PBXNativeTarget "Lab1Tests" */;
			buildPhases = (
				EF63A5941D122C53009B5509 /* Sources */,
				EF63A5951D122C53009B5509 /* Frameworks */,
				EF63A5961D122C53009B5509 /* Resources */,
			);
			buildRules = (
			);
			dependencies = (
				EF63A59A1D122C53009B5509 /* PBXTargetDependency */,
			);
			name = Lab1Tests;
			productName = Lab1Tests;
			productReference = EF63A5981D122C53009B5509 /* Lab1Tests.xctest */;
			productType = "com.apple.product-type.bundle.unit-test";
		};
		EF63A5A21D122C53009B5509 /* Lab1UITests */ = {
			isa = PBXNativeTarget;
			buildConfigurationList = EF63A5B21D122C53009B5509 /* Build configuration list for PBXNativeTarget "Lab1UITests" */;
			buildPhases = (
				EF63A59F1D122C53009B5509 /* Sources */,
				EF63A5A01D122C53009B5509 /* Frameworks */,
				EF63A5A11D122C53009B5509 /* Resources */,
			);
			buildRules = (
			);
			dependencies = (
				EF63A5A51D122C53009B5509 /* PBXTargetDependency */,
			);
			name = Lab1UITests;
			productName = Lab1UITests;
			productReference = EF63A5A31D122C53009B5509 /* Lab1UITests.xctest */;
			productType = "com.apple.product-type.bundle.ui-testing";
		};
/* End PBXNativeTarget section */

/* Begin PBXProject section */
		EF63A57C1D122C53009B5509 /* Project object */ = {
			isa = PBXProject;
			attributes = {
				LastSwiftUpdateCheck = 0730;
				LastUpgradeCheck = 0730;
				ORGANIZATIONNAME = LiMengyan;
				TargetAttributes = {
					EF63A5831D122C53009B5509 = {
						CreatedOnToolsVersion = 7.3.1;
					};
					EF63A5971D122C53009B5509 = {
						CreatedOnToolsVersion = 7.3.1;
						TestTargetID = EF63A5831D122C53009B5509;
					};
					EF63A5A21D122C53009B5509 = {
						CreatedOnToolsVersion = 7.3.1;
						TestTargetID = EF63A5831D122C53009B5509;
					};
				};
			};
			buildConfigurationList = EF63A57F1D122C53009B5509 /* Build configuration list for PBXProject "Lab1" */;
			compatibilityVersion = "Xcode 3.2";
			developmentRegion = English;
			hasScannedForEncodings = 0;
			knownRegions = (
				en,
				Base,
			);
			mainGroup = EF63A57B1D122C53009B5509;
			productRefGroup = EF63A5851D122C53009B5509 /* Products */;
			projectDirPath = "";
			projectRoot = "";
			targets = (
				EF63A5831D122C53009B5509 /* Lab1 */,
				EF63A5971D122C53009B5509 /* Lab1Tests */,
				EF63A5A21D122C53009B5509 /* Lab1UITests */,
			);
		};
/* End PBXProject section */

/* Begin PBXResourcesBuildPhase section */
		EF63A5821D122C53009B5509 /* Resources */ = {
			isa = PBXResourcesBuildPhase;
			buildActionMask = 2147483647;
			files = (
				EF63A5921D122C53009B5509 /* LaunchScreen.storyboard in Resources */,
				EF63A58F1D122C53009B5509 /* Assets.xcassets in Resources */,
				EF63A58D1D122C53009B5509 /* Main.storyboard in Resources */,
			);
			runOnlyForDeploymentPostprocessing = 0;
		};
		EF63A5961D122C53009B5509 /* Resources */ = {
			isa = PBXResourcesBuildPhase;
			buildActionMask = 2147483647;
			files = (
			);
			runOnlyForDeploymentPostprocessing = 0;
		};
		EF63A5A11D122C53009B5509 /* Resources */ = {
			isa = PBXResourcesBuildPhase;
			buildActionMask = 2147483647;
			files = (
			);
			runOnlyForDeploymentPostprocessing = 0;
		};
/* End PBXResourcesBuildPhase section */

/* Begin PBXSourcesBuildPhase section */
		EF63A5801D122C53009B5509 /* Sources */ = {
			isa = PBXSourcesBuildPhase;
			buildActionMask = 2147483647;
			files = (
				EF63A58A1D122C53009B5509 /* ViewController.swift in Sources */,
				EF63A5881D122C53009B5509 /* AppDelegate.swift in Sources */,
			);
			runOnlyForDeploymentPostprocessing = 0;
		};
		EF63A5941D122C53009B5509 /* Sources */ = {
			isa = PBXSourcesBuildPhase;
			buildActionMask = 2147483647;
			files = (
				EF63A59D1D122C53009B5509 /* Lab1Tests.swift in Sources */,
			);
			runOnlyForDeploymentPostprocessing = 0;
		};
		EF63A59F1D122C53009B5509 /* Sources */ = {
			isa = PBXSourcesBuildPhase;
			buildActionMask = 2147483647;
			files = (
				EF63A5A81D122C53009B5509 /* Lab1UITests.swift in Sources */,
			);
			runOnlyForDeploymentPostprocessing = 0;
		};
/* End PBXSourcesBuildPhase section */

/* Begin PBXTargetDependency section */
		EF63A59A1D122C53009B5509 /* PBXTargetDependency */ = {
			isa = PBXTargetDependency;
			target = EF63A5831D122C53009B5509 /* Lab1 */;
			targetProxy = EF63A5991D122C53009B5509 /* PBXContainerItemProxy */;
		};
		EF63A5A51D122C53009B5509 /* PBXTargetDependency */ = {
			isa = PBXTargetDependency;
			target = EF63A5831D122C53009B5509 /* Lab1 */;
			targetProxy = EF63A5A41D122C53009B5509 /* PBXContainerItemProxy */;
		};
/* End PBXTargetDependency section */

/* Begin PBXVariantGroup section */
		EF63A58B1D122C53009B5509 /* Main.storyboard */ = {
			isa = PBXVariantGroup;
			children = (
				EF63A58C1D122C53009B5509 /* Base */,
			);
			name = Main.storyboard;
			sourceTree = "<group>";
		};
		EF63A5901D122C53009B5509 /* LaunchScreen.storyboard */ = {
			isa = PBXVariantGroup;
			children = (
				EF63A5911D122C53009B5509 /* Base */,
			);
			name = LaunchScreen.storyboard;
			sourceTree = "<group>";
		};
/* End PBXVariantGroup section */

/* Begin XCBuildConfiguration section */
		EF63A5AA1D122C53009B5509 /* Debug */ = {
			isa = XCBuildConfiguration;
			buildSettings = {
				ALWAYS_SEARCH_USER_PATHS = NO;
				CLANG_ANALYZER_NONNULL = YES;
				CLANG_CXX_LANGUAGE_STANDARD = "gnu++0x";
				CLANG_CXX_LIBRARY = "libc++";
				CLANG_ENABLE_MODULES = YES;
				CLANG_ENABLE_OBJC_ARC = YES;
				CLANG_WARN_BOOL_CONVERSION = YES;
				CLANG_WARN_CONSTANT_CONVERSION = YES;
				CLANG_WARN_DIRECT_OBJC_ISA_USAGE = YES_ERROR;
				CLANG_WARN_EMPTY_BODY = YES;
				CLANG_WARN_ENUM_CONVERSION = YES;
				CLANG_WARN_INT_CONVERSION = YES;
				CLANG_WARN_OBJC_ROOT_CLASS = YES_ERROR;
				CLANG_WARN_UNREACHABLE_CODE = YES;
				CLANG_WARN__DUPLICATE_METHOD_MATCH = YES;
				"CODE_SIGN_IDENTITY[sdk=iphoneos*]" = "iPhone Developer";
				COPY_PHASE_STRIP = NO;
				DEBUG_INFORMATION_FORMAT = dwarf;
				ENABLE_STRICT_OBJC_MSGSEND = YES;
				ENABLE_TESTABILITY = YES;
				GCC_C_LANGUAGE_STANDARD = gnu99;
				GCC_DYNAMIC_NO_PIC = NO;
				GCC_NO_COMMON_BLOCKS = YES;
				GCC_OPTIMIZATION_LEVEL = 0;
				GCC_PREPROCESSOR_DEFINITIONS = (
					"DEBUG=1",
					"$(inherited)",
				);
				GCC_WARN_64_TO_32_BIT_CONVERSION = YES;
				GCC_WARN_ABOUT_RETURN_TYPE = YES_ERROR;
				GCC_WARN_UNDECLARED_SELECTOR = YES;
				GCC_WARN_UNINITIALIZED_AUTOS = YES_AGGRESSIVE;
				GCC_WARN_UNUSED_FUNCTION = YES;
				GCC_WARN_UNUSED_VARIABLE = YES;
				IPHONEOS_DEPLOYMENT_TARGET = 9.3;
				MTL_ENABLE_DEBUG_INFO = YES;
				ONLY_ACTIVE_ARCH = YES;
				SDKROOT = iphoneos;
				SWIFT_OPTIMIZATION_LEVEL = "-Onone";
			};
			name = Debug;
		};
		EF63A5AB1D122C53009B5509 /* Release */ = {
			isa = XCBuildConfiguration;
			buildSettings = {
				ALWAYS_SEARCH_USER_PATHS = NO;
				CLANG_ANALYZER_NONNULL = YES;
				CLANG_CXX_LANGUAGE_STANDARD = "gnu++0x";
				CLANG_CXX_LIBRARY = "libc++";
				CLANG_ENABLE_MODULES = YES;
				CLANG_ENABLE_OBJC_ARC = YES;
				CLANG_WARN_BOOL_CONVERSION = YES;
				CLANG_WARN_CONSTANT_CONVERSION = YES;
				CLANG_WARN_DIRECT_OBJC_ISA_USAGE = YES_ERROR;
				CLANG_WARN_EMPTY_BODY = YES;
				CLANG_WARN_ENUM_CONVERSION = YES;
				CLANG_WARN_INT_CONVERSION = YES;
				CLANG_WARN_OBJC_ROOT_CLASS = YES_ERROR;
				CLANG_WARN_UNREACHABLE_CODE = YES;
				CLANG_WARN__DUPLICATE_METHOD_MATCH = YES;
				"CODE_SIGN_IDENTITY[sdk=iphoneos*]" = "iPhone Developer";
				COPY_PHASE_STRIP = NO;
				DEBUG_INFORMATION_FORMAT = "dwarf-with-dsym";
				ENABLE_NS_ASSERTIONS = NO;
				ENABLE_STRICT_OBJC_MSGSEND = YES;
				GCC_C_LANGUAGE_STANDARD = gnu99;
				GCC_NO_COMMON_BLOCKS = YES;
				GCC_WARN_64_TO_32_BIT_CONVERSION = YES;
				GCC_WARN_ABOUT_RETURN_TYPE = YES_ERROR;
				GCC_WARN_UNDECLARED_SELECTOR = YES;
				GCC_WARN_UNINITIALIZED_AUTOS = YES_AGGRESSIVE;
				GCC_WARN_UNUSED_FUNCTION = YES;
				GCC_WARN_UNUSED_VARIABLE = YES;
				IPHONEOS_DEPLOYMENT_TARGET = 9.3;
				MTL_ENABLE_DEBUG_INFO = NO;
				SDKROOT = iphoneos;
				VALIDATE_PRODUCT = YES;
			};
			name = Release;
		};
		EF63A5AD1D122C53009B5509 /* Debug */ = {
			isa = XCBuildConfiguration;
			buildSettings = {
				ASSETCATALOG_COMPILER_APPICON_NAME = AppIcon;
				INFOPLIST_FILE = Lab1/Info.plist;
				LD_RUNPATH_SEARCH_PATHS = "$(inherited) @executable_path/Frameworks";
				PRODUCT_BUNDLE_IDENTIFIER = MengyanApp.Lab1;
				PRODUCT_NAME = "$(TARGET_NAME)";
			};
			name = Debug;
		};
		EF63A5AE1D122C53009B5509 /* Release */ = {
			isa = XCBuildConfiguration;
			buildSettings = {
				ASSETCATALOG_COMPILER_APPICON_NAME = AppIcon;
				INFOPLIST_FILE = Lab1/Info.plist;
				LD_RUNPATH_SEARCH_PATHS = "$(inherited) @executable_path/Frameworks";
				PRODUCT_BUNDLE_IDENTIFIER = MengyanApp.Lab1;
				PRODUCT_NAME = "$(TARGET_NAME)";
			};
			name = Release;
		};
		EF63A5B01D122C53009B5509 /* Debug */ = {
			isa = XCBuildConfiguration;
			buildSettings = {
				BUNDLE_LOADER = "$(TEST_HOST)";
				INFOPLIST_FILE = Lab1Tests/Info.plist;
				LD_RUNPATH_SEARCH_PATHS = "$(inherited) @executable_path/Frameworks @loader_path/Frameworks";
				PRODUCT_BUNDLE_IDENTIFIER = MengyanApp.Lab1Tests;
				PRODUCT_NAME = "$(TARGET_NAME)";
				TEST_HOST = "$(BUILT_PRODUCTS_DIR)/Lab1.app/Lab1";
			};
			name = Debug;
		};
		EF63A5B11D122C53009B5509 /* Release */ = {
			isa = XCBuildConfiguration;
			buildSettings = {
				BUNDLE_LOADER = "$(TEST_HOST)";
				INFOPLIST_FILE = Lab1Tests/Info.plist;
				LD_RUNPATH_SEARCH_PATHS = "$(inherited) @executable_path/Frameworks @loader_path/Frameworks";
				PRODUCT_BUNDLE_IDENTIFIER = MengyanApp.Lab1Tests;
				PRODUCT_NAME = "$(TARGET_NAME)";
				TEST_HOST = "$(BUILT_PRODUCTS_DIR)/Lab1.app/Lab1";
			};
			name = Release;
		};
		EF63A5B31D122C53009B5509 /* Debug */ = {
			isa = XCBuildConfiguration;
			buildSettings = {
				INFOPLIST_FILE = Lab1UITests/Info.plist;
				LD_RUNPATH_SEARCH_PATHS = "$(inherited) @executable_path/Frameworks @loader_path/Frameworks";
				PRODUCT_BUNDLE_IDENTIFIER = MengyanApp.Lab1UITests;
				PRODUCT_NAME = "$(TARGET_NAME)";
				TEST_TARGET_NAME = Lab1;
			};
			name = Debug;
		};
		EF63A5B41D122C53009B5509 /* Release */ = {
			isa = XCBuildConfiguration;
			buildSettings = {
				INFOPLIST_FILE = Lab1UITests/Info.plist;
				LD_RUNPATH_SEARCH_PATHS = "$(inherited) @executable_path/Frameworks @loader_path/Frameworks";
				PRODUCT_BUNDLE_IDENTIFIER = MengyanApp.Lab1UITests;
				PRODUCT_NAME = "$(TARGET_NAME)";
				TEST_TARGET_NAME = Lab1;
			};
			name = Release;
		};
/* End XCBuildConfiguration section */

/* Begin XCConfigurationList section */
		EF63A57F1D122C53009B5509 /* Build configuration list for PBXProject "Lab1" */ = {
			isa = XCConfigurationList;
			buildConfigurations = (
				EF63A5AA1D122C53009B5509 /* Debug */,
				EF63A5AB1D122C53009B5509 /* Release */,
			);
			defaultConfigurationIsVisible = 0;
			defaultConfigurationName = Release;
		};
		EF63A5AC1D122C53009B5509 /* Build configuration list for PBXNativeTarget "Lab1" */ = {
			isa = XCConfigurationList;
			buildConfigurations = (
				EF63A5AD1D122C53009B5509 /* Debug */,
				EF63A5AE1D122C53009B5509 /* Release */,
			);
			defaultConfigurationIsVisible = 0;
		};
		EF63A5AF1D122C53009B5509 /* Build configuration list for PBXNativeTarget "Lab1Tests" */ = {
			isa = XCConfigurationList;
			buildConfigurations = (
				EF63A5B01D122C53009B5509 /* Debug */,
				EF63A5B11D122C53009B5509 /* Release */,
			);
			defaultConfigurationIsVisible = 0;
		};
		EF63A5B21D122C53009B5509 /* Build configuration list for PBXNativeTarget "Lab1UITests" */ = {
			isa = XCConfigurationList;
			buildConfigurations = (
				EF63A5B31D122C53009B5509 /* Debug */,
				EF63A5B41D122C53009B5509 /* Release */,
			);
			defaultConfigurationIsVisible = 0;
		};
/* End XCConfigurationList section */
	};
	rootObject = EF63A57C1D122C53009B5509 /* Project object */;
}
